// !$*UTF8*$!
{
	archiveVersion = 1;
	classes = {
	};
	objectVersion = 51;
	objects = {

/* Begin PBXBuildFile section */
		1C8525C5FC8C2D72BB21ED7F /* Pods_Baking_Bunny.framework in Frameworks */ = {isa = PBXBuildFile; fileRef = A8EB6A2D9C726D7D928647F3 /* Pods_Baking_Bunny.framework */; };
		CA03323A2682C4A9003A968A /* AppDelegate.swift in Sources */ = {isa = PBXBuildFile; fileRef = CA0332392682C4A9003A968A /* AppDelegate.swift */; };
		CA03323C2682C4A9003A968A /* SceneDelegate.swift in Sources */ = {isa = PBXBuildFile; fileRef = CA03323B2682C4A9003A968A /* SceneDelegate.swift */; };
		CA03323E2682C4A9003A968A /* ViewController.swift in Sources */ = {isa = PBXBuildFile; fileRef = CA03323D2682C4A9003A968A /* ViewController.swift */; };
		CA0332412682C4A9003A968A /* Main.storyboard in Resources */ = {isa = PBXBuildFile; fileRef = CA03323F2682C4A9003A968A /* Main.storyboard */; };
		CA0332432682C4AA003A968A /* Assets.xcassets in Resources */ = {isa = PBXBuildFile; fileRef = CA0332422682C4AA003A968A /* Assets.xcassets */; };
		CA0332462682C4AA003A968A /* LaunchScreen.storyboard in Resources */ = {isa = PBXBuildFile; fileRef = CA0332442682C4AA003A968A /* LaunchScreen.storyboard */; };
		CA03324F2683F53C003A968A /* Baking-Bunny.xcdatamodeld in Sources */ = {isa = PBXBuildFile; fileRef = CA03324D2683F53C003A968A /* Baking-Bunny.xcdatamodeld */; };
/* End PBXBuildFile section */

/* Begin PBXFileReference section */
		5B7AED6FBEC6A63A12E4B835 /* Pods-Baking Bunny.debug.xcconfig */ = {isa = PBXFileReference; includeInIndex = 1; lastKnownFileType = text.xcconfig; name = "Pods-Baking Bunny.debug.xcconfig"; path = "Target Support Files/Pods-Baking Bunny/Pods-Baking Bunny.debug.xcconfig"; sourceTree = "<group>"; };
		6B2472FDC993B4A6BC924209 /* Pods-Baking Bunny.release.xcconfig */ = {isa = PBXFileReference; includeInIndex = 1; lastKnownFileType = text.xcconfig; name = "Pods-Baking Bunny.release.xcconfig"; path = "Target Support Files/Pods-Baking Bunny/Pods-Baking Bunny.release.xcconfig"; sourceTree = "<group>"; };
		A8EB6A2D9C726D7D928647F3 /* Pods_Baking_Bunny.framework */ = {isa = PBXFileReference; explicitFileType = wrapper.framework; includeInIndex = 0; path = Pods_Baking_Bunny.framework; sourceTree = BUILT_PRODUCTS_DIR; };
		CA0332362682C4A9003A968A /* Baking Bunny.app */ = {isa = PBXFileReference; explicitFileType = wrapper.application; includeInIndex = 0; path = "Baking Bunny.app"; sourceTree = BUILT_PRODUCTS_DIR; };
		CA0332392682C4A9003A968A /* AppDelegate.swift */ = {isa = PBXFileReference; lastKnownFileType = sourcecode.swift; path = AppDelegate.swift; sourceTree = "<group>"; };
		CA03323B2682C4A9003A968A /* SceneDelegate.swift */ = {isa = PBXFileReference; lastKnownFileType = sourcecode.swift; path = SceneDelegate.swift; sourceTree = "<group>"; };
		CA03323D2682C4A9003A968A /* ViewController.swift */ = {isa = PBXFileReference; lastKnownFileType = sourcecode.swift; path = ViewController.swift; sourceTree = "<group>"; };
		CA0332402682C4A9003A968A /* Base */ = {isa = PBXFileReference; lastKnownFileType = file.storyboard; name = Base; path = Base.lproj/Main.storyboard; sourceTree = "<group>"; };
		CA0332422682C4AA003A968A /* Assets.xcassets */ = {isa = PBXFileReference; lastKnownFileType = folder.assetcatalog; path = Assets.xcassets; sourceTree = "<group>"; };
		CA0332452682C4AA003A968A /* Base */ = {isa = PBXFileReference; lastKnownFileType = file.storyboard; name = Base; path = Base.lproj/LaunchScreen.storyboard; sourceTree = "<group>"; };
		CA0332472682C4AA003A968A /* Info.plist */ = {isa = PBXFileReference; lastKnownFileType = text.plist.xml; path = Info.plist; sourceTree = "<group>"; };
		CA03324E2683F53C003A968A /* Baking-Bunny.xcdatamodel */ = {isa = PBXFileReference; lastKnownFileType = wrapper.xcdatamodel; path = "Baking-Bunny.xcdatamodel"; sourceTree = "<group>"; };
/* End PBXFileReference section */

/* Begin PBXFrameworksBuildPhase section */
		CA0332332682C4A9003A968A /* Frameworks */ = {
			isa = PBXFrameworksBuildPhase;
			buildActionMask = 2147483647;
			files = (
				1C8525C5FC8C2D72BB21ED7F /* Pods_Baking_Bunny.framework in Frameworks */,
			);
			runOnlyForDeploymentPostprocessing = 0;
		};
/* End PBXFrameworksBuildPhase section */

/* Begin PBXGroup section */
		144AE5E52DF02C341051297F /* Pods */ = {
			isa = PBXGroup;
			children = (
				5B7AED6FBEC6A63A12E4B835 /* Pods-Baking Bunny.debug.xcconfig */,
				6B2472FDC993B4A6BC924209 /* Pods-Baking Bunny.release.xcconfig */,
			);
			path = Pods;
			sourceTree = "<group>";
		};
		67CAC7E0E967C34E1FB9D08C /* Frameworks */ = {
			isa = PBXGroup;
			children = (
				A8EB6A2D9C726D7D928647F3 /* Pods_Baking_Bunny.framework */,
			);
			name = Frameworks;
			sourceTree = "<group>";
		};
		CA03322D2682C4A9003A968A = {
			isa = PBXGroup;
			children = (
				CA0332382682C4A9003A968A /* Baking Bunny */,
				CA0332372682C4A9003A968A /* Products */,
				144AE5E52DF02C341051297F /* Pods */,
				67CAC7E0E967C34E1FB9D08C /* Frameworks */,
			);
			sourceTree = "<group>";
		};
		CA0332372682C4A9003A968A /* Products */ = {
			isa = PBXGroup;
			children = (
				CA0332362682C4A9003A968A /* Baking Bunny.app */,
			);
			name = Products;
			sourceTree = "<group>";
		};
		CA0332382682C4A9003A968A /* Baking Bunny */ = {
			isa = PBXGroup;
			children = (
				CA0332392682C4A9003A968A /* AppDelegate.swift */,
				CA03323B2682C4A9003A968A /* SceneDelegate.swift */,
				CA03323D2682C4A9003A968A /* ViewController.swift */,
				CA03323F2682C4A9003A968A /* Main.storyboard */,
				CA0332422682C4AA003A968A /* Assets.xcassets */,
				CA0332442682C4AA003A968A /* LaunchScreen.storyboard */,
				CA0332472682C4AA003A968A /* Info.plist */,
				CA03324D2683F53C003A968A /* Baking-Bunny.xcdatamodeld */,
			);
			path = "Baking Bunny";
			sourceTree = "<group>";
		};
/* End PBXGroup section */

/* Begin PBXNativeTarget section */
		CA0332352682C4A9003A968A /* Baking Bunny */ = {
			isa = PBXNativeTarget;
			buildConfigurationList = CA03324A2682C4AA003A968A /* Build configuration list for PBXNativeTarget "Baking Bunny" */;
			buildPhases = (
				77FB8B5B8C396D6AD5C14EDA /* [CP] Check Pods Manifest.lock */,
				CA0332322682C4A9003A968A /* Sources */,
				CA0332332682C4A9003A968A /* Frameworks */,
				CA0332342682C4A9003A968A /* Resources */,
				73C4430F070DB79A0F5A8CAF /* [CP] Embed Pods Frameworks */,
			);
			buildRules = (
			);
			dependencies = (
			);
			name = "Baking Bunny";
			productName = "Baking Bunny";
			productReference = CA0332362682C4A9003A968A /* Baking Bunny.app */;
			productType = "com.apple.product-type.application";
		};
/* End PBXNativeTarget section */

/* Begin PBXProject section */
		CA03322E2682C4A9003A968A /* Project object */ = {
			isa = PBXProject;
			attributes = {
				LastSwiftUpdateCheck = 1250;
				LastUpgradeCheck = 1250;
				TargetAttributes = {
					CA0332352682C4A9003A968A = {
						CreatedOnToolsVersion = 12.5.1;
					};
				};
			};
			buildConfigurationList = CA0332312682C4A9003A968A /* Build configuration list for PBXProject "Baking Bunny" */;
			compatibilityVersion = "Xcode 9.3";
			developmentRegion = en;
			hasScannedForEncodings = 0;
			knownRegions = (
				en,
				Base,
			);
			mainGroup = CA03322D2682C4A9003A968A;
			productRefGroup = CA0332372682C4A9003A968A /* Products */;
			projectDirPath = "";
			projectRoot = "";
			targets = (
				CA0332352682C4A9003A968A /* Baking Bunny */,
			);
		};
/* End PBXProject section */

/* Begin PBXResourcesBuildPhase section */
		CA0332342682C4A9003A968A /* Resources */ = {
			isa = PBXResourcesBuildPhase;
			buildActionMask = 2147483647;
			files = (
				CA0332462682C4AA003A968A /* LaunchScreen.storyboard in Resources */,
				CA0332432682C4AA003A968A /* Assets.xcassets in Resources */,
				CA0332412682C4A9003A968A /* Main.storyboard in Resources */,
			);
			runOnlyForDeploymentPostprocessing = 0;
		};
/* End PBXResourcesBuildPhase section */

/* Begin PBXShellScriptBuildPhase section */
		73C4430F070DB79A0F5A8CAF /* [CP] Embed Pods Frameworks */ = {
			isa = PBXShellScriptBuildPhase;
			buildActionMask = 2147483647;
			files = (
			);
			inputFileListPaths = (
				"${PODS_ROOT}/Target Support Files/Pods-Baking Bunny/Pods-Baking Bunny-frameworks-${CONFIGURATION}-input-files.xcfilelist",
			);
			name = "[CP] Embed Pods Frameworks";
			outputFileListPaths = (
				"${PODS_ROOT}/Target Support Files/Pods-Baking Bunny/Pods-Baking Bunny-frameworks-${CONFIGURATION}-output-files.xcfilelist",
			);
			runOnlyForDeploymentPostprocessing = 0;
			shellPath = /bin/sh;
			shellScript = "\"${PODS_ROOT}/Target Support Files/Pods-Baking Bunny/Pods-Baking Bunny-frameworks.sh\"\n";
			showEnvVarsInLog = 0;
		};
		77FB8B5B8C396D6AD5C14EDA /* [CP] Check Pods Manifest.lock */ = {
			isa = PBXShellScriptBuildPhase;
			buildActionMask = 2147483647;
			files = (
			);
			inputFileListPaths = (
			);
			inputPaths = (
				"${PODS_PODFILE_DIR_PATH}/Podfile.lock",
				"${PODS_ROOT}/Manifest.lock",
			);
			name = "[CP] Check Pods Manifest.lock";
			outputFileListPaths = (
			);
			outputPaths = (
				"$(DERIVED_FILE_DIR)/Pods-Baking Bunny-checkManifestLockResult.txt",
			);
			runOnlyForDeploymentPostprocessing = 0;
			shellPath = /bin/sh;
			shellScript = "diff \"${PODS_PODFILE_DIR_PATH}/Podfile.lock\" \"${PODS_ROOT}/Manifest.lock\" > /dev/null\nif [ $? != 0 ] ; then\n    # print error to STDERR\n    echo \"error: The sandbox is not in sync with the Podfile.lock. Run 'pod install' or update your CocoaPods installation.\" >&2\n    exit 1\nfi\n# This output is used by Xcode 'outputs' to avoid re-running this script phase.\necho \"SUCCESS\" > \"${SCRIPT_OUTPUT_FILE_0}\"\n";
			showEnvVarsInLog = 0;
		};
/* End PBXShellScriptBuildPhase section */

/* Begin PBXSourcesBuildPhase section */
		CA0332322682C4A9003A968A /* Sources */ = {
			isa = PBXSourcesBuildPhase;
			buildActionMask = 2147483647;
			files = (
				CA03323E2682C4A9003A968A /* ViewController.swift in Sources */,
				CA03323A2682C4A9003A968A /* AppDelegate.swift in Sources */,
				CA03324F2683F53C003A968A /* Baking-Bunny.xcdatamodeld in Sources */,
				CA03323C2682C4A9003A968A /* SceneDelegate.swift in Sources */,
			);
			runOnlyForDeploymentPostprocessing = 0;
		};
/* End PBXSourcesBuildPhase section */

/* Begin PBXVariantGroup section */
		CA03323F2682C4A9003A968A /* Main.storyboard */ = {
			isa = PBXVariantGroup;
			children = (
				CA0332402682C4A9003A968A /* Base */,
			);
			name = Main.storyboard;
			sourceTree = "<group>";
		};
		CA0332442682C4AA003A968A /* LaunchScreen.storyboard */ = {
			isa = PBXVariantGroup;
			children = (
				CA0332452682C4AA003A968A /* Base */,
			);
			name = LaunchScreen.storyboard;
			sourceTree = "<group>";
		};
/* End PBXVariantGroup section */

/* Begin XCBuildConfiguration section */
		CA0332482682C4AA003A968A /* Debug */ = {
			isa = XCBuildConfiguration;
			buildSettings = {
				ALWAYS_SEARCH_USER_PATHS = NO;
				CLANG_ANALYZER_NONNULL = YES;
				CLANG_ANALYZER_NUMBER_OBJECT_CONVERSION = YES_AGGRESSIVE;
				CLANG_CXX_LANGUAGE_STANDARD = "gnu++14";
				CLANG_CXX_LIBRARY = "libc++";
				CLANG_ENABLE_MODULES = YES;
				CLANG_ENABLE_OBJC_ARC = YES;
				CLANG_ENABLE_OBJC_WEAK = YES;
				CLANG_WARN_BLOCK_CAPTURE_AUTORELEASING = YES;
				CLANG_WARN_BOOL_CONVERSION = YES;
				CLANG_WARN_COMMA = YES;
				CLANG_WARN_CONSTANT_CONVERSION = YES;
				CLANG_WARN_DEPRECATED_OBJC_IMPLEMENTATIONS = YES;
				CLANG_WARN_DIRECT_OBJC_ISA_USAGE = YES_ERROR;
				CLANG_WARN_DOCUMENTATION_COMMENTS = YES;
				CLANG_WARN_EMPTY_BODY = YES;
				CLANG_WARN_ENUM_CONVERSION = YES;
				CLANG_WARN_INFINITE_RECURSION = YES;
				CLANG_WARN_INT_CONVERSION = YES;
				CLANG_WARN_NON_LITERAL_NULL_CONVERSION = YES;
				CLANG_WARN_OBJC_IMPLICIT_RETAIN_SELF = YES;
				CLANG_WARN_OBJC_LITERAL_CONVERSION = YES;
				CLANG_WARN_OBJC_ROOT_CLASS = YES_ERROR;
				CLANG_WARN_QUOTED_INCLUDE_IN_FRAMEWORK_HEADER = YES;
				CLANG_WARN_RANGE_LOOP_ANALYSIS = YES;
				CLANG_WARN_STRICT_PROTOTYPES = YES;
				CLANG_WARN_SUSPICIOUS_MOVE = YES;
				CLANG_WARN_UNGUARDED_AVAILABILITY = YES_AGGRESSIVE;
				CLANG_WARN_UNREACHABLE_CODE = YES;
				CLANG_WARN__DUPLICATE_METHOD_MATCH = YES;
				COPY_PHASE_STRIP = NO;
				DEBUG_INFORMATION_FORMAT = dwarf;
				ENABLE_STRICT_OBJC_MSGSEND = YES;
				ENABLE_TESTABILITY = YES;
				GCC_C_LANGUAGE_STANDARD = gnu11;
				GCC_DYNAMIC_NO_PIC = NO;
				GCC_NO_COMMON_BLOCKS = YES;
				GCC_OPTIMIZATION_LEVEL = 0;
				GCC_PREPROCESSOR_DEFINITIONS = (
					"DEBUG=1",
					"$(inherited)",
				);
				GCC_WARN_64_TO_32_BIT_CONVERSION = YES;
				GCC_WARN_ABOUT_RETURN_TYPE = YES_ERROR;
				GCC_WARN_UNDECLARED_SELECTOR = YES;
				GCC_WARN_UNINITIALIZED_AUTOS = YES_AGGRESSIVE;
				GCC_WARN_UNUSED_FUNCTION = YES;
				GCC_WARN_UNUSED_VARIABLE = YES;
				IPHONEOS_DEPLOYMENT_TARGET = 14.5;
				MTL_ENABLE_DEBUG_INFO = INCLUDE_SOURCE;
				MTL_FAST_MATH = YES;
				ONLY_ACTIVE_ARCH = YES;
				SDKROOT = iphoneos;
				SWIFT_ACTIVE_COMPILATION_CONDITIONS = DEBUG;
				SWIFT_OPTIMIZATION_LEVEL = "-Onone";
			};
			name = Debug;
		};
		CA0332492682C4AA003A968A /* Release */ = {
			isa = XCBuildConfiguration;
			buildSettings = {
				ALWAYS_SEARCH_USER_PATHS = NO;
				CLANG_ANALYZER_NONNULL = YES;
				CLANG_ANALYZER_NUMBER_OBJECT_CONVERSION = YES_AGGRESSIVE;
				CLANG_CXX_LANGUAGE_STANDARD = "gnu++14";
				CLANG_CXX_LIBRARY = "libc++";
				CLANG_ENABLE_MODULES = YES;
				CLANG_ENABLE_OBJC_ARC = YES;
				CLANG_ENABLE_OBJC_WEAK = YES;
				CLANG_WARN_BLOCK_CAPTURE_AUTORELEASING = YES;
				CLANG_WARN_BOOL_CONVERSION = YES;
				CLANG_WARN_COMMA = YES;
				CLANG_WARN_CONSTANT_CONVERSION = YES;
				CLANG_WARN_DEPRECATED_OBJC_IMPLEMENTATIONS = YES;
				CLANG_WARN_DIRECT_OBJC_ISA_USAGE = YES_ERROR;
				CLANG_WARN_DOCUMENTATION_COMMENTS = YES;
				CLANG_WARN_EMPTY_BODY = YES;
				CLANG_WARN_ENUM_CONVERSION = YES;
				CLANG_WARN_INFINITE_RECURSION = YES;
				CLANG_WARN_INT_CONVERSION = YES;
				CLANG_WARN_NON_LITERAL_NULL_CONVERSION = YES;
				CLANG_WARN_OBJC_IMPLICIT_RETAIN_SELF = YES;
				CLANG_WARN_OBJC_LITERAL_CONVERSION = YES;
				CLANG_WARN_OBJC_ROOT_CLASS = YES_ERROR;
				CLANG_WARN_QUOTED_INCLUDE_IN_FRAMEWORK_HEADER = YES;
				CLANG_WARN_RANGE_LOOP_ANALYSIS = YES;
				CLANG_WARN_STRICT_PROTOTYPES = YES;
				CLANG_WARN_SUSPICIOUS_MOVE = YES;
				CLANG_WARN_UNGUARDED_AVAILABILITY = YES_AGGRESSIVE;
				CLANG_WARN_UNREACHABLE_CODE = YES;
				CLANG_WARN__DUPLICATE_METHOD_MATCH = YES;
				COPY_PHASE_STRIP = NO;
				DEBUG_INFORMATION_FORMAT = "dwarf-with-dsym";
				ENABLE_NS_ASSERTIONS = NO;
				ENABLE_STRICT_OBJC_MSGSEND = YES;
				GCC_C_LANGUAGE_STANDARD = gnu11;
				GCC_NO_COMMON_BLOCKS = YES;
				GCC_WARN_64_TO_32_BIT_CONVERSION = YES;
				GCC_WARN_ABOUT_RETURN_TYPE = YES_ERROR;
				GCC_WARN_UNDECLARED_SELECTOR = YES;
				GCC_WARN_UNINITIALIZED_AUTOS = YES_AGGRESSIVE;
				GCC_WARN_UNUSED_FUNCTION = YES;
				GCC_WARN_UNUSED_VARIABLE = YES;
				IPHONEOS_DEPLOYMENT_TARGET = 14.5;
				MTL_ENABLE_DEBUG_INFO = NO;
				MTL_FAST_MATH = YES;
				SDKROOT = iphoneos;
				SWIFT_COMPILATION_MODE = wholemodule;
				SWIFT_OPTIMIZATION_LEVEL = "-O";
				VALIDATE_PRODUCT = YES;
			};
			name = Release;
		};
		CA03324B2682C4AA003A968A /* Debug */ = {
			isa = XCBuildConfiguration;
			baseConfigurationReference = 5B7AED6FBEC6A63A12E4B835 /* Pods-Baking Bunny.debug.xcconfig */;
			buildSettings = {
				ASSETCATALOG_COMPILER_APPICON_NAME = AppIcon;
				ASSETCATALOG_COMPILER_GLOBAL_ACCENT_COLOR_NAME = AccentColor;
				CODE_SIGN_STYLE = Automatic;
				DEVELOPMENT_TEAM = FV2A8PBZG2;
				INFOPLIST_FILE = "Baking Bunny/Info.plist";
				LD_RUNPATH_SEARCH_PATHS = (
					"$(inherited)",
					"@executable_path/Frameworks",
				);
				PRODUCT_BUNDLE_IDENTIFIER = "me.michael-doctor.Baking-Bunny";
				PRODUCT_NAME = "$(TARGET_NAME)";
				SWIFT_VERSION = 5.0;
				TARGETED_DEVICE_FAMILY = "1,2";
			};
			name = Debug;
		};
		CA03324C2682C4AA003A968A /* Release */ = {
			isa = XCBuildConfiguration;
			baseConfigurationReference = 6B2472FDC993B4A6BC924209 /* Pods-Baking Bunny.release.xcconfig */;
			buildSettings = {
				ASSETCATALOG_COMPILER_APPICON_NAME = AppIcon;
				ASSETCATALOG_COMPILER_GLOBAL_ACCENT_COLOR_NAME = AccentColor;
				CODE_SIGN_STYLE = Automatic;
				DEVELOPMENT_TEAM = FV2A8PBZG2;
				INFOPLIST_FILE = "Baking Bunny/Info.plist";
				LD_RUNPATH_SEARCH_PATHS = (
					"$(inherited)",
					"@executable_path/Frameworks",
				);
				PRODUCT_BUNDLE_IDENTIFIER = "me.michael-doctor.Baking-Bunny";
				PRODUCT_NAME = "$(TARGET_NAME)";
				SWIFT_VERSION = 5.0;
				TARGETED_DEVICE_FAMILY = "1,2";
			};
			name = Release;
		};
/* End XCBuildConfiguration section */

/* Begin XCConfigurationList section */
		CA0332312682C4A9003A968A /* Build configuration list for PBXProject "Baking Bunny" */ = {
			isa = XCConfigurationList;
			buildConfigurations = (
				CA0332482682C4AA003A968A /* Debug */,
				CA0332492682C4AA003A968A /* Release */,
			);
			defaultConfigurationIsVisible = 0;
			defaultConfigurationName = Release;
		};
		CA03324A2682C4AA003A968A /* Build configuration list for PBXNativeTarget "Baking Bunny" */ = {
			isa = XCConfigurationList;
			buildConfigurations = (
				CA03324B2682C4AA003A968A /* Debug */,
				CA03324C2682C4AA003A968A /* Release */,
			);
			defaultConfigurationIsVisible = 0;
			defaultConfigurationName = Release;
		};
/* End XCConfigurationList section */

/* Begin XCVersionGroup section */
		CA03324D2683F53C003A968A /* Baking-Bunny.xcdatamodeld */ = {
			isa = XCVersionGroup;
			children = (
				CA03324E2683F53C003A968A /* Baking-Bunny.xcdatamodel */,
			);
			currentVersion = CA03324E2683F53C003A968A /* Baking-Bunny.xcdatamodel */;
			path = "Baking-Bunny.xcdatamodeld";
			sourceTree = "<group>";
			versionGroupType = wrapper.xcdatamodel;
		};
/* End XCVersionGroup section */
	};
	rootObject = CA03322E2682C4A9003A968A /* Project object */;
}
